
Microsoft Visual Studio Solution File, Format Version 12.00
# Visual Studio 2012
Project("{FAE04EC0-301F-11D3-BF4B-00C04F79EFBC}") = "LogMeIn", "LogMeIn\LogMeIn.csproj", "{F32C3978-5D6F-4B9D-9B39-A5E3F03BCFE6}"
EndProject
Project("{FAE04EC0-301F-11D3-BF4B-00C04F79EFBC}") = "LogMeIn.Tests", "LogMeIn.Tests\LogMeIn.Tests.csproj", "{B2112EF4-3744-40E3-874B-CCAB9F6BBD15}"
EndProject
Project("{2150E333-8FDC-42A3-9474-1A3956D46DE8}") = ".nuget", ".nuget", "{06F05FDE-97B3-4750-8C54-8B1578A975A6}"
	ProjectSection(SolutionItems) = preProject
		.nuget\NuGet.Config = .nuget\NuGet.Config
		.nuget\NuGet.exe = .nuget\NuGet.exe
		.nuget\NuGet.targets = .nuget\NuGet.targets
	EndProjectSection
EndProject
Global
	GlobalSection(SolutionConfigurationPlatforms) = preSolution
		Debug|Any CPU = Debug|Any CPU
		Release|Any CPU = Release|Any CPU
	EndGlobalSection
	GlobalSection(ProjectConfigurationPlatforms) = postSolution
		{F32C3978-5D6F-4B9D-9B39-A5E3F03BCFE6}.Debug|Any CPU.ActiveCfg = Debug|Any CPU
		{F32C3978-5D6F-4B9D-9B39-A5E3F03BCFE6}.Debug|Any CPU.Build.0 = Debug|Any CPU
		{F32C3978-5D6F-4B9D-9B39-A5E3F03BCFE6}.Release|Any CPU.ActiveCfg = Release|Any CPU
		{F32C3978-5D6F-4B9D-9B39-A5E3F03BCFE6}.Release|Any CPU.Build.0 = Release|Any CPU
		{B2112EF4-3744-40E3-874B-CCAB9F6BBD15}.Debug|Any CPU.ActiveCfg = Debug|Any CPU
		{B2112EF4-3744-40E3-874B-CCAB9F6BBD15}.Debug|Any CPU.Build.0 = Debug|Any CPU
		{B2112EF4-3744-40E3-874B-CCAB9F6BBD15}.Release|Any CPU.ActiveCfg = Release|Any CPU
		{B2112EF4-3744-40E3-874B-CCAB9F6BBD15}.Release|Any CPU.Build.0 = Release|Any CPU
	EndGlobalSection
	GlobalSection(SolutionProperties) = preSolution
		HideSolutionNode = FALSE
	EndGlobalSection
EndGlobal
